
Microsoft Visual Studio Solution File, Format Version 12.00
# Visual Studio Version 17
VisualStudioVersion = 17.5.33530.505
MinimumVisualStudioVersion = 10.0.40219.1
Project("{9A19103F-16F7-4668-BE54-9A1E7A4F7556}") = "Midas Manager", "Midas Manager.csproj", "{250C77C4-B4A3-4A47-82D9-C1419984D758}"
EndProject
Project("{2150E333-8FDC-42A3-9474-1A3956D46DE8}") = "Solution Items", "Solution Items", "{3850B22F-F34B-4F0B-9B65-7D4D5D6C5D64}"
	ProjectSection(SolutionItems) = preProject
		.editorconfig = .editorconfig
	EndProjectSection
EndProject
Global
	GlobalSection(SolutionConfigurationPlatforms) = preSolution
		Debug|Any CPU = Debug|Any CPU
		Release|Any CPU = Release|Any CPU
	EndGlobalSection
	GlobalSection(ProjectConfigurationPlatforms) = postSolution
		{250C77C4-B4A3-4A47-82D9-C1419984D758}.Debug|Any CPU.ActiveCfg = Debug|Any CPU
		{250C77C4-B4A3-4A47-82D9-C1419984D758}.Debug|Any CPU.Build.0 = Debug|Any CPU
		{250C77C4-B4A3-4A47-82D9-C1419984D758}.Release|Any CPU.ActiveCfg = Release|Any CPU
		{250C77C4-B4A3-4A47-82D9-C1419984D758}.Release|Any CPU.Build.0 = Release|Any CPU
	EndGlobalSection
	GlobalSection(SolutionProperties) = preSolution
		HideSolutionNode = FALSE
	EndGlobalSection
	GlobalSection(ExtensibilityGlobals) = postSolution
		SolutionGuid = {DA1E5E5B-28B6-41C6-96A0-A80D70F12BAF}
	EndGlobalSection
EndGlobal
