
Microsoft Visual Studio Solution File, Format Version 12.00
# Visual Studio Version 17
VisualStudioVersion = 17.5.33530.505
MinimumVisualStudioVersion = 10.0.40219.1
Project("{FAE04EC0-301F-11D3-BF4B-00C04F79EFBC}") = "Midas Manager", "Midas Manager.csproj", "{250C77C4-B4A3-4A47-82D9-C1419984D758}"
EndProject
Global
	GlobalSection(SolutionConfigurationPlatforms) = preSolution
		Debug|Any CPU = Debug|Any CPU
		Release|Any CPU = Release|Any CPU
	EndGlobalSection
	GlobalSection(ProjectConfigurationPlatforms) = postSolution
		{250C77C4-B4A3-4A47-82D9-C1419984D758}.Debug|Any CPU.ActiveCfg = Debug|Any CPU
		{250C77C4-B4A3-4A47-82D9-C1419984D758}.Debug|Any CPU.Build.0 = Debug|Any CPU
		{250C77C4-B4A3-4A47-82D9-C1419984D758}.Release|Any CPU.ActiveCfg = Release|Any CPU
		{250C77C4-B4A3-4A47-82D9-C1419984D758}.Release|Any CPU.Build.0 = Release|Any CPU
	EndGlobalSection
	GlobalSection(SolutionProperties) = preSolution
		HideSolutionNode = FALSE
	EndGlobalSection
	GlobalSection(ExtensibilityGlobals) = postSolution
		SolutionGuid = {DA1E5E5B-28B6-41C6-96A0-A80D70F12BAF}
	EndGlobalSection
EndGlobal
